github.com/pb33f/go-yaml v0.1.0 h1:zZ6Gg+ATbumXlXZNLMHIe7+zTkVqe20lx+TSYRrXEuY=
github.com/pb33f/go-yaml v0.1.0/go.mod h1:QvWdkHP5VjFYAeHMQUkaPQqREaQnBNOXmWzAjNrnSdo=
github.com/pb33f/testify v0.1.1 h1:mnHe7uxKt8dyNYEGUspow72VjD264DB5rOJq4bz5tJw=
github.com/pb33f/testify v0.1.1/go.mod h1:keghMqOLECF1ENzESnfM+cwPcKN5uhTOpvbtjgL6aZg=
github.com/pmezard/go-difflib v1.0.0 h1:4DBwDE0NGyQoBHbLQYPwSUPoCMWR5BEzIk/f1lZbAQM=
github.com/pmezard/go-difflib v1.0.0/go.mod h1:iKH77koFhYxTK1pcRnkKkqfTogsbg7gZNVY4sRDYZ/4=
